
Microsoft Visual Studio Solution File, Format Version 12.00
# Visual Studio Version 16
VisualStudioVersion = 16.0.29102.190
MinimumVisualStudioVersion = 10.0.40219.1
Project("{FAE04EC0-301F-11D3-BF4B-00C04F79EFBC}") = "IndividualProject", "IndividualProject\IndividualProject.csproj", "{FE053646-ADB0-4A5E-A48E-06277D6B5817}"
EndProject
Global
	GlobalSection(SolutionConfigurationPlatforms) = preSolution
		Debug|Any CPU = Debug|Any CPU
		Release|Any CPU = Release|Any CPU
	EndGlobalSection
	GlobalSection(ProjectConfigurationPlatforms) = postSolution
		{FE053646-ADB0-4A5E-A48E-06277D6B5817}.Debug|Any CPU.ActiveCfg = Debug|Any CPU
		{FE053646-ADB0-4A5E-A48E-06277D6B5817}.Debug|Any CPU.Build.0 = Debug|Any CPU
		{FE053646-ADB0-4A5E-A48E-06277D6B5817}.Release|Any CPU.ActiveCfg = Release|Any CPU
		{FE053646-ADB0-4A5E-A48E-06277D6B5817}.Release|Any CPU.Build.0 = Release|Any CPU
	EndGlobalSection
	GlobalSection(SolutionProperties) = preSolution
		HideSolutionNode = FALSE
	EndGlobalSection
	GlobalSection(ExtensibilityGlobals) = postSolution
		SolutionGuid = {5EADC739-3CAC-4A60-A178-985225359341}
	EndGlobalSection
EndGlobal
